
Microsoft Visual Studio Solution File, Format Version 12.00
# Visual Studio Version 17
VisualStudioVersion = 17.0.31903.59
MinimumVisualStudioVersion = 10.0.40219.1
Project("{2150E333-8FDC-42A3-9474-1A3956D46DE8}") = "src", "src", "{3221EA12-E707-4E30-85E4-2CBA1446661B}"
EndProject
Project("{FAE04EC0-301F-11D3-BF4B-00C04F79EFBC}") = "AutoUpdater", "src\AutoUpdater\AutoUpdater.csproj", "{8EB75647-EF73-432F-8934-162C2104ACA1}"
EndProject
Project("{2150E333-8FDC-42A3-9474-1A3956D46DE8}") = "tests", "tests", "{184A36BA-01A3-4C66-95C0-7EDE6AE1CB1B}"
EndProject
Project("{FAE04EC0-301F-11D3-BF4B-00C04F79EFBC}") = "AutoUpdater.Tests", "tests\AutoUpdater.Tests\AutoUpdater.Tests.csproj", "{E318A1CF-6202-4992-862F-1E42598DB261}"
EndProject
Global
	GlobalSection(SolutionConfigurationPlatforms) = preSolution
		Debug|Any CPU = Debug|Any CPU
		Release|Any CPU = Release|Any CPU
	EndGlobalSection
	GlobalSection(SolutionProperties) = preSolution
		HideSolutionNode = FALSE
	EndGlobalSection
	GlobalSection(ProjectConfigurationPlatforms) = postSolution
		{8EB75647-EF73-432F-8934-162C2104ACA1}.Debug|Any CPU.ActiveCfg = Debug|Any CPU
		{8EB75647-EF73-432F-8934-162C2104ACA1}.Debug|Any CPU.Build.0 = Debug|Any CPU
		{8EB75647-EF73-432F-8934-162C2104ACA1}.Release|Any CPU.ActiveCfg = Release|Any CPU
		{8EB75647-EF73-432F-8934-162C2104ACA1}.Release|Any CPU.Build.0 = Release|Any CPU
		{E318A1CF-6202-4992-862F-1E42598DB261}.Debug|Any CPU.ActiveCfg = Debug|Any CPU
		{E318A1CF-6202-4992-862F-1E42598DB261}.Debug|Any CPU.Build.0 = Debug|Any CPU
		{E318A1CF-6202-4992-862F-1E42598DB261}.Release|Any CPU.ActiveCfg = Release|Any CPU
		{E318A1CF-6202-4992-862F-1E42598DB261}.Release|Any CPU.Build.0 = Release|Any CPU
	EndGlobalSection
	GlobalSection(NestedProjects) = preSolution
		{8EB75647-EF73-432F-8934-162C2104ACA1} = {3221EA12-E707-4E30-85E4-2CBA1446661B}
		{E318A1CF-6202-4992-862F-1E42598DB261} = {184A36BA-01A3-4C66-95C0-7EDE6AE1CB1B}
	EndGlobalSection
EndGlobal
