
Microsoft Visual Studio Solution File, Format Version 12.00
# Visual Studio Version 17
VisualStudioVersion = 17.0.31903.59
MinimumVisualStudioVersion = 10.0.40219.1
Project("{2150E333-8FDC-42A3-9474-1A3956D46DE8}") = "src", "src", "{3221EA12-E707-4E30-85E4-2CBA1446661B}"
EndProject
Project("{2150E333-8FDC-42A3-9474-1A3956D46DE8}") = "tests", "tests", "{184A36BA-01A3-4C66-95C0-7EDE6AE1CB1B}"
EndProject
Project("{9A19103F-16F7-4668-BE54-9A1E7A4F7556}") = "AutoUpdater.Tests", "tests\AutoUpdater.Tests\AutoUpdater.Tests.csproj", "{E318A1CF-6202-4992-862F-1E42598DB261}"
EndProject
Project("{9A19103F-16F7-4668-BE54-9A1E7A4F7556}") = "AutoUpdaterCs", "src\AutoUpdaterCs\AutoUpdaterCs.csproj", "{CD1176BB-4E02-43C8-96D7-5706DA1B4C15}"
EndProject
Global
	GlobalSection(SolutionConfigurationPlatforms) = preSolution
		Debug|Any CPU = Debug|Any CPU
		Release|Any CPU = Release|Any CPU
	EndGlobalSection
	GlobalSection(ProjectConfigurationPlatforms) = postSolution
		{E318A1CF-6202-4992-862F-1E42598DB261}.Debug|Any CPU.ActiveCfg = Debug|Any CPU
		{E318A1CF-6202-4992-862F-1E42598DB261}.Debug|Any CPU.Build.0 = Debug|Any CPU
		{E318A1CF-6202-4992-862F-1E42598DB261}.Release|Any CPU.ActiveCfg = Release|Any CPU
		{E318A1CF-6202-4992-862F-1E42598DB261}.Release|Any CPU.Build.0 = Release|Any CPU
		{CD1176BB-4E02-43C8-96D7-5706DA1B4C15}.Debug|Any CPU.ActiveCfg = Debug|Any CPU
		{CD1176BB-4E02-43C8-96D7-5706DA1B4C15}.Debug|Any CPU.Build.0 = Debug|Any CPU
		{CD1176BB-4E02-43C8-96D7-5706DA1B4C15}.Release|Any CPU.ActiveCfg = Release|Any CPU
		{CD1176BB-4E02-43C8-96D7-5706DA1B4C15}.Release|Any CPU.Build.0 = Release|Any CPU
	EndGlobalSection
	GlobalSection(SolutionProperties) = preSolution
		HideSolutionNode = FALSE
	EndGlobalSection
	GlobalSection(NestedProjects) = preSolution
		{E318A1CF-6202-4992-862F-1E42598DB261} = {184A36BA-01A3-4C66-95C0-7EDE6AE1CB1B}
		{CD1176BB-4E02-43C8-96D7-5706DA1B4C15} = {3221EA12-E707-4E30-85E4-2CBA1446661B}
	EndGlobalSection
EndGlobal
